
Microsoft Visual Studio Solution File, Format Version 12.00
Project("{FAE04EC0-301F-11D3-BF4B-00C04F79EFBC}") = "Command_Line_Parser", "Command_Line_Parser\Command_Line_Parser.csproj", "{F05CC5F7-1F3C-498E-9713-BB89BCA02B49}"
EndProject
Global
	GlobalSection(SolutionConfigurationPlatforms) = preSolution
		Debug|Any CPU = Debug|Any CPU
		Release|Any CPU = Release|Any CPU
	EndGlobalSection
	GlobalSection(ProjectConfigurationPlatforms) = postSolution
		{F05CC5F7-1F3C-498E-9713-BB89BCA02B49}.Debug|Any CPU.ActiveCfg = Debug|Any CPU
		{F05CC5F7-1F3C-498E-9713-BB89BCA02B49}.Debug|Any CPU.Build.0 = Debug|Any CPU
		{F05CC5F7-1F3C-498E-9713-BB89BCA02B49}.Release|Any CPU.ActiveCfg = Release|Any CPU
		{F05CC5F7-1F3C-498E-9713-BB89BCA02B49}.Release|Any CPU.Build.0 = Release|Any CPU
	EndGlobalSection
EndGlobal
